
Microsoft Visual Studio Solution File, Format Version 12.00
# Visual Studio Version 17
VisualStudioVersion = 17.2.32505.173
MinimumVisualStudioVersion = 10.0.40219.1
Project("{9A19103F-16F7-4668-BE54-9A1E7A4F7556}") = "M01_Grundlagen", "HelloWPF\M01_Grundlagen.csproj", "{BF6B50B2-318F-41FD-93A5-438114B00EB7}"
EndProject
Project("{9A19103F-16F7-4668-BE54-9A1E7A4F7556}") = "M02_Controls", "Controls\M02_Controls.csproj", "{878EEEC7-CFA3-45AE-9739-60D8D49066BB}"
EndProject
Project("{9A19103F-16F7-4668-BE54-9A1E7A4F7556}") = "Personendatenbank", "Personendatenbank\Personendatenbank.csproj", "{DAB40CE1-05E9-46E5-95DD-3D4CAABEE547}"
EndProject
Project("{9A19103F-16F7-4668-BE54-9A1E7A4F7556}") = "M03_Container", "Container\M03_Container.csproj", "{10585497-01F8-4C47-81AD-9816843F7698}"
EndProject
Project("{9A19103F-16F7-4668-BE54-9A1E7A4F7556}") = "M04_EventRouting", "EventRouting\M04_EventRouting.csproj", "{37FA3DBF-515A-4CA3-BE98-FEA0BFDC683C}"
EndProject
Project("{9A19103F-16F7-4668-BE54-9A1E7A4F7556}") = "M05_PropertyBinding", "PropertyBinding\M05_PropertyBinding.csproj", "{759A80C6-F705-4F89-B62C-8B93FC497D2F}"
EndProject
Project("{9A19103F-16F7-4668-BE54-9A1E7A4F7556}") = "ColorPicker", "ColorPicker\ColorPicker.csproj", "{D56E91B4-4803-4D95-8883-498F2CDD571B}"
EndProject
Project("{FAE04EC0-301F-11D3-BF4B-00C04F79EFBC}") = "M06_DataBinding", "DataBinding\M06_DataBinding.csproj", "{EFD54DA3-097F-4FB8-83E1-36C73AAF1A16}"
EndProject
Project("{FAE04EC0-301F-11D3-BF4B-00C04F79EFBC}") = "M07_Resources_Styles", "Resources_Styles\M07_Resources_Styles.csproj", "{140F48F2-28AC-4606-8699-B224471F9C41}"
EndProject
Project("{FAE04EC0-301F-11D3-BF4B-00C04F79EFBC}") = "M08_Templates", "Templates\M08_Templates.csproj", "{5373EF2B-BCE2-4397-BE36-FD4D1B8DF5E6}"
EndProject
Project("{FAE04EC0-301F-11D3-BF4B-00C04F79EFBC}") = "Validation", "Validation\Validation.csproj", "{DF182DA1-5C48-4E52-9507-39A06B69592F}"
EndProject
Global
	GlobalSection(SolutionConfigurationPlatforms) = preSolution
		Debug|Any CPU = Debug|Any CPU
		Release|Any CPU = Release|Any CPU
	EndGlobalSection
	GlobalSection(ProjectConfigurationPlatforms) = postSolution
		{BF6B50B2-318F-41FD-93A5-438114B00EB7}.Debug|Any CPU.ActiveCfg = Debug|Any CPU
		{BF6B50B2-318F-41FD-93A5-438114B00EB7}.Debug|Any CPU.Build.0 = Debug|Any CPU
		{BF6B50B2-318F-41FD-93A5-438114B00EB7}.Release|Any CPU.ActiveCfg = Release|Any CPU
		{BF6B50B2-318F-41FD-93A5-438114B00EB7}.Release|Any CPU.Build.0 = Release|Any CPU
		{878EEEC7-CFA3-45AE-9739-60D8D49066BB}.Debug|Any CPU.ActiveCfg = Debug|Any CPU
		{878EEEC7-CFA3-45AE-9739-60D8D49066BB}.Debug|Any CPU.Build.0 = Debug|Any CPU
		{878EEEC7-CFA3-45AE-9739-60D8D49066BB}.Release|Any CPU.ActiveCfg = Release|Any CPU
		{878EEEC7-CFA3-45AE-9739-60D8D49066BB}.Release|Any CPU.Build.0 = Release|Any CPU
		{DAB40CE1-05E9-46E5-95DD-3D4CAABEE547}.Debug|Any CPU.ActiveCfg = Debug|Any CPU
		{DAB40CE1-05E9-46E5-95DD-3D4CAABEE547}.Debug|Any CPU.Build.0 = Debug|Any CPU
		{DAB40CE1-05E9-46E5-95DD-3D4CAABEE547}.Release|Any CPU.ActiveCfg = Release|Any CPU
		{DAB40CE1-05E9-46E5-95DD-3D4CAABEE547}.Release|Any CPU.Build.0 = Release|Any CPU
		{10585497-01F8-4C47-81AD-9816843F7698}.Debug|Any CPU.ActiveCfg = Debug|Any CPU
		{10585497-01F8-4C47-81AD-9816843F7698}.Debug|Any CPU.Build.0 = Debug|Any CPU
		{10585497-01F8-4C47-81AD-9816843F7698}.Release|Any CPU.ActiveCfg = Release|Any CPU
		{10585497-01F8-4C47-81AD-9816843F7698}.Release|Any CPU.Build.0 = Release|Any CPU
		{37FA3DBF-515A-4CA3-BE98-FEA0BFDC683C}.Debug|Any CPU.ActiveCfg = Debug|Any CPU
		{37FA3DBF-515A-4CA3-BE98-FEA0BFDC683C}.Debug|Any CPU.Build.0 = Debug|Any CPU
		{37FA3DBF-515A-4CA3-BE98-FEA0BFDC683C}.Release|Any CPU.ActiveCfg = Release|Any CPU
		{37FA3DBF-515A-4CA3-BE98-FEA0BFDC683C}.Release|Any CPU.Build.0 = Release|Any CPU
		{759A80C6-F705-4F89-B62C-8B93FC497D2F}.Debug|Any CPU.ActiveCfg = Debug|Any CPU
		{759A80C6-F705-4F89-B62C-8B93FC497D2F}.Debug|Any CPU.Build.0 = Debug|Any CPU
		{759A80C6-F705-4F89-B62C-8B93FC497D2F}.Release|Any CPU.ActiveCfg = Release|Any CPU
		{759A80C6-F705-4F89-B62C-8B93FC497D2F}.Release|Any CPU.Build.0 = Release|Any CPU
		{D56E91B4-4803-4D95-8883-498F2CDD571B}.Debug|Any CPU.ActiveCfg = Debug|Any CPU
		{D56E91B4-4803-4D95-8883-498F2CDD571B}.Debug|Any CPU.Build.0 = Debug|Any CPU
		{D56E91B4-4803-4D95-8883-498F2CDD571B}.Release|Any CPU.ActiveCfg = Release|Any CPU
		{D56E91B4-4803-4D95-8883-498F2CDD571B}.Release|Any CPU.Build.0 = Release|Any CPU
		{EFD54DA3-097F-4FB8-83E1-36C73AAF1A16}.Debug|Any CPU.ActiveCfg = Debug|Any CPU
		{EFD54DA3-097F-4FB8-83E1-36C73AAF1A16}.Debug|Any CPU.Build.0 = Debug|Any CPU
		{EFD54DA3-097F-4FB8-83E1-36C73AAF1A16}.Release|Any CPU.ActiveCfg = Release|Any CPU
		{EFD54DA3-097F-4FB8-83E1-36C73AAF1A16}.Release|Any CPU.Build.0 = Release|Any CPU
		{140F48F2-28AC-4606-8699-B224471F9C41}.Debug|Any CPU.ActiveCfg = Debug|Any CPU
		{140F48F2-28AC-4606-8699-B224471F9C41}.Debug|Any CPU.Build.0 = Debug|Any CPU
		{140F48F2-28AC-4606-8699-B224471F9C41}.Release|Any CPU.ActiveCfg = Release|Any CPU
		{140F48F2-28AC-4606-8699-B224471F9C41}.Release|Any CPU.Build.0 = Release|Any CPU
		{5373EF2B-BCE2-4397-BE36-FD4D1B8DF5E6}.Debug|Any CPU.ActiveCfg = Debug|Any CPU
		{5373EF2B-BCE2-4397-BE36-FD4D1B8DF5E6}.Debug|Any CPU.Build.0 = Debug|Any CPU
		{5373EF2B-BCE2-4397-BE36-FD4D1B8DF5E6}.Release|Any CPU.ActiveCfg = Release|Any CPU
		{5373EF2B-BCE2-4397-BE36-FD4D1B8DF5E6}.Release|Any CPU.Build.0 = Release|Any CPU
		{DF182DA1-5C48-4E52-9507-39A06B69592F}.Debug|Any CPU.ActiveCfg = Debug|Any CPU
		{DF182DA1-5C48-4E52-9507-39A06B69592F}.Debug|Any CPU.Build.0 = Debug|Any CPU
		{DF182DA1-5C48-4E52-9507-39A06B69592F}.Release|Any CPU.ActiveCfg = Release|Any CPU
		{DF182DA1-5C48-4E52-9507-39A06B69592F}.Release|Any CPU.Build.0 = Release|Any CPU
	EndGlobalSection
	GlobalSection(SolutionProperties) = preSolution
		HideSolutionNode = FALSE
	EndGlobalSection
	GlobalSection(ExtensibilityGlobals) = postSolution
		SolutionGuid = {FE1A9EB6-A940-47E4-B8F8-5F2E341D4F31}
	EndGlobalSection
EndGlobal
